
Microsoft Visual Studio Solution File, Format Version 12.00
# Visual Studio Version 17
VisualStudioVersion = 17.5.33530.505
MinimumVisualStudioVersion = 10.0.40219.1
Project("{2150E333-8FDC-42A3-9474-1A3956D46DE8}") = "Solution Items", "Solution Items", "{25316010-6286-4811-A260-E6BF9526ED98}"
	ProjectSection(SolutionItems) = preProject
		.editorconfig = .editorconfig
		.gitignore = .gitignore
		README.md = README.md
	EndProjectSection
EndProject
Project("{2150E333-8FDC-42A3-9474-1A3956D46DE8}") = "src", "src", "{26FF8300-A2CD-4AB2-84BD-24835A16E940}"
EndProject
Project("{9A19103F-16F7-4668-BE54-9A1E7A4F7556}") = "CodingChallenge.WebApi", "src\CodingChallenge.WebApi\CodingChallenge.WebApi.csproj", "{15F78A50-B36C-418B-A514-898F141A0C14}"
EndProject
Project("{2150E333-8FDC-42A3-9474-1A3956D46DE8}") = "test", "test", "{3E2D7A40-2E93-40AE-9F51-BF0A11695A47}"
EndProject
Project("{9A19103F-16F7-4668-BE54-9A1E7A4F7556}") = "CodingChallenge.Application", "src\CodingChallenge.Application\CodingChallenge.Application.csproj", "{FFC9C458-3AAB-4668-87BB-ADD0A85A3800}"
EndProject
Project("{9A19103F-16F7-4668-BE54-9A1E7A4F7556}") = "CodingChallenge.Domain", "src\CodingChallenge.Domain\CodingChallenge.Domain.csproj", "{029C5C91-9F40-4CF9-8DC7-C80E39EA7DD6}"
EndProject
Project("{9A19103F-16F7-4668-BE54-9A1E7A4F7556}") = "CodingChallenge.Infrastructure", "src\CodingChallenge.Infrastructure\CodingChallenge.Infrastructure.csproj", "{A5D33C3C-54A5-4073-A676-593EF664399B}"
EndProject
Project("{9A19103F-16F7-4668-BE54-9A1E7A4F7556}") = "CodingChallenge.Application.Tests", "test\unit\CodingChallenge.Application.Tests\CodingChallenge.Application.Tests.csproj", "{FBB998D4-908C-4A73-AE30-EA8ECD803B5B}"
EndProject
Project("{9A19103F-16F7-4668-BE54-9A1E7A4F7556}") = "CodingChallenge.Domain.Tests", "test\unit\CodingChallenge.Domain.Tests\CodingChallenge.Domain.Tests.csproj", "{1C0913D3-D54F-4B86-8DD2-06F9269D5E55}"
EndProject
Global
	GlobalSection(SolutionConfigurationPlatforms) = preSolution
		Debug|Any CPU = Debug|Any CPU
		Release|Any CPU = Release|Any CPU
	EndGlobalSection
	GlobalSection(ProjectConfigurationPlatforms) = postSolution
		{15F78A50-B36C-418B-A514-898F141A0C14}.Debug|Any CPU.ActiveCfg = Debug|Any CPU
		{15F78A50-B36C-418B-A514-898F141A0C14}.Debug|Any CPU.Build.0 = Debug|Any CPU
		{15F78A50-B36C-418B-A514-898F141A0C14}.Release|Any CPU.ActiveCfg = Release|Any CPU
		{15F78A50-B36C-418B-A514-898F141A0C14}.Release|Any CPU.Build.0 = Release|Any CPU
		{FFC9C458-3AAB-4668-87BB-ADD0A85A3800}.Debug|Any CPU.ActiveCfg = Debug|Any CPU
		{FFC9C458-3AAB-4668-87BB-ADD0A85A3800}.Debug|Any CPU.Build.0 = Debug|Any CPU
		{FFC9C458-3AAB-4668-87BB-ADD0A85A3800}.Release|Any CPU.ActiveCfg = Release|Any CPU
		{FFC9C458-3AAB-4668-87BB-ADD0A85A3800}.Release|Any CPU.Build.0 = Release|Any CPU
		{029C5C91-9F40-4CF9-8DC7-C80E39EA7DD6}.Debug|Any CPU.ActiveCfg = Debug|Any CPU
		{029C5C91-9F40-4CF9-8DC7-C80E39EA7DD6}.Debug|Any CPU.Build.0 = Debug|Any CPU
		{029C5C91-9F40-4CF9-8DC7-C80E39EA7DD6}.Release|Any CPU.ActiveCfg = Release|Any CPU
		{029C5C91-9F40-4CF9-8DC7-C80E39EA7DD6}.Release|Any CPU.Build.0 = Release|Any CPU
		{A5D33C3C-54A5-4073-A676-593EF664399B}.Debug|Any CPU.ActiveCfg = Debug|Any CPU
		{A5D33C3C-54A5-4073-A676-593EF664399B}.Debug|Any CPU.Build.0 = Debug|Any CPU
		{A5D33C3C-54A5-4073-A676-593EF664399B}.Release|Any CPU.ActiveCfg = Release|Any CPU
		{A5D33C3C-54A5-4073-A676-593EF664399B}.Release|Any CPU.Build.0 = Release|Any CPU
		{FBB998D4-908C-4A73-AE30-EA8ECD803B5B}.Debug|Any CPU.ActiveCfg = Debug|Any CPU
		{FBB998D4-908C-4A73-AE30-EA8ECD803B5B}.Debug|Any CPU.Build.0 = Debug|Any CPU
		{FBB998D4-908C-4A73-AE30-EA8ECD803B5B}.Release|Any CPU.ActiveCfg = Release|Any CPU
		{FBB998D4-908C-4A73-AE30-EA8ECD803B5B}.Release|Any CPU.Build.0 = Release|Any CPU
		{1C0913D3-D54F-4B86-8DD2-06F9269D5E55}.Debug|Any CPU.ActiveCfg = Debug|Any CPU
		{1C0913D3-D54F-4B86-8DD2-06F9269D5E55}.Debug|Any CPU.Build.0 = Debug|Any CPU
		{1C0913D3-D54F-4B86-8DD2-06F9269D5E55}.Release|Any CPU.ActiveCfg = Release|Any CPU
		{1C0913D3-D54F-4B86-8DD2-06F9269D5E55}.Release|Any CPU.Build.0 = Release|Any CPU
	EndGlobalSection
	GlobalSection(SolutionProperties) = preSolution
		HideSolutionNode = FALSE
	EndGlobalSection
	GlobalSection(NestedProjects) = preSolution
		{15F78A50-B36C-418B-A514-898F141A0C14} = {26FF8300-A2CD-4AB2-84BD-24835A16E940}
		{FFC9C458-3AAB-4668-87BB-ADD0A85A3800} = {26FF8300-A2CD-4AB2-84BD-24835A16E940}
		{029C5C91-9F40-4CF9-8DC7-C80E39EA7DD6} = {26FF8300-A2CD-4AB2-84BD-24835A16E940}
		{A5D33C3C-54A5-4073-A676-593EF664399B} = {26FF8300-A2CD-4AB2-84BD-24835A16E940}
		{FBB998D4-908C-4A73-AE30-EA8ECD803B5B} = {3E2D7A40-2E93-40AE-9F51-BF0A11695A47}
		{1C0913D3-D54F-4B86-8DD2-06F9269D5E55} = {3E2D7A40-2E93-40AE-9F51-BF0A11695A47}
	EndGlobalSection
	GlobalSection(ExtensibilityGlobals) = postSolution
		SolutionGuid = {C20F5133-80B6-4875-8763-020781FE14FF}
	EndGlobalSection
EndGlobal
