
Microsoft Visual Studio Solution File, Format Version 12.00
# Visual Studio Version 17
VisualStudioVersion = 17.5.33530.505
MinimumVisualStudioVersion = 10.0.40219.1
Project("{2150E333-8FDC-42A3-9474-1A3956D46DE8}") = "Solution Items", "Solution Items", "{25316010-6286-4811-A260-E6BF9526ED98}"
	ProjectSection(SolutionItems) = preProject
		.editorconfig = .editorconfig
		.gitignore = .gitignore
		README.md = README.md
	EndProjectSection
EndProject
Project("{2150E333-8FDC-42A3-9474-1A3956D46DE8}") = "src", "src", "{26FF8300-A2CD-4AB2-84BD-24835A16E940}"
EndProject
Project("{9A19103F-16F7-4668-BE54-9A1E7A4F7556}") = "CodingChallenge.WebApi", "src\CodingChallenge.WebApi\CodingChallenge.WebApi.csproj", "{15F78A50-B36C-418B-A514-898F141A0C14}"
EndProject
Project("{2150E333-8FDC-42A3-9474-1A3956D46DE8}") = "test", "test", "{3E2D7A40-2E93-40AE-9F51-BF0A11695A47}"
EndProject
Global
	GlobalSection(SolutionConfigurationPlatforms) = preSolution
		Debug|Any CPU = Debug|Any CPU
		Release|Any CPU = Release|Any CPU
	EndGlobalSection
	GlobalSection(ProjectConfigurationPlatforms) = postSolution
		{15F78A50-B36C-418B-A514-898F141A0C14}.Debug|Any CPU.ActiveCfg = Debug|Any CPU
		{15F78A50-B36C-418B-A514-898F141A0C14}.Debug|Any CPU.Build.0 = Debug|Any CPU
		{15F78A50-B36C-418B-A514-898F141A0C14}.Release|Any CPU.ActiveCfg = Release|Any CPU
		{15F78A50-B36C-418B-A514-898F141A0C14}.Release|Any CPU.Build.0 = Release|Any CPU
	EndGlobalSection
	GlobalSection(SolutionProperties) = preSolution
		HideSolutionNode = FALSE
	EndGlobalSection
	GlobalSection(NestedProjects) = preSolution
		{15F78A50-B36C-418B-A514-898F141A0C14} = {26FF8300-A2CD-4AB2-84BD-24835A16E940}
	EndGlobalSection
	GlobalSection(ExtensibilityGlobals) = postSolution
		SolutionGuid = {C20F5133-80B6-4875-8763-020781FE14FF}
	EndGlobalSection
EndGlobal
